
Microsoft Visual Studio Solution File, Format Version 12.00
# Visual Studio 15
VisualStudioVersion = 15.0.28307.329
MinimumVisualStudioVersion = 10.0.40219.1
Project("{8BC9CEB8-8B4A-11D0-8D11-00A0C91BC942}") = "TSS.CPP", "TSS.CPP.vcxproj", "{9CF79696-FE18-47D8-BEB6-75C6D90124D9}"
EndProject
Project("{8BC9CEB8-8B4A-11D0-8D11-00A0C91BC942}") = "TSS.CPP Samples", "..\Samples\TSS.CPP Samples.vcxproj", "{B3F82FDB-1B5F-4323-B702-D8A985D290D9}"
	ProjectSection(ProjectDependencies) = postProject
		{9CF79696-FE18-47D8-BEB6-75C6D90124D9} = {9CF79696-FE18-47D8-BEB6-75C6D90124D9}
	EndProjectSection
EndProject
Global
	GlobalSection(SolutionConfigurationPlatforms) = preSolution
		Debug|Win32 = Debug|Win32
		Debug|x64 = Debug|x64
		Release|Win32 = Release|Win32
		Release|x64 = Release|x64
	EndGlobalSection
	GlobalSection(ProjectConfigurationPlatforms) = postSolution
		{9CF79696-FE18-47D8-BEB6-75C6D90124D9}.Debug|Win32.ActiveCfg = Debug|Win32
		{9CF79696-FE18-47D8-BEB6-75C6D90124D9}.Debug|Win32.Build.0 = Debug|Win32
		{9CF79696-FE18-47D8-BEB6-75C6D90124D9}.Debug|x64.ActiveCfg = Debug|x64
		{9CF79696-FE18-47D8-BEB6-75C6D90124D9}.Debug|x64.Build.0 = Debug|x64
		{9CF79696-FE18-47D8-BEB6-75C6D90124D9}.Release|Win32.ActiveCfg = Release|Win32
		{9CF79696-FE18-47D8-BEB6-75C6D90124D9}.Release|Win32.Build.0 = Release|Win32
		{9CF79696-FE18-47D8-BEB6-75C6D90124D9}.Release|x64.ActiveCfg = Release|x64
		{9CF79696-FE18-47D8-BEB6-75C6D90124D9}.Release|x64.Build.0 = Release|x64
		{B3F82FDB-1B5F-4323-B702-D8A985D290D9}.Debug|Win32.ActiveCfg = Debug|Win32
		{B3F82FDB-1B5F-4323-B702-D8A985D290D9}.Debug|Win32.Build.0 = Debug|Win32
		{B3F82FDB-1B5F-4323-B702-D8A985D290D9}.Debug|x64.ActiveCfg = Debug|x64
		{B3F82FDB-1B5F-4323-B702-D8A985D290D9}.Debug|x64.Build.0 = Debug|x64
		{B3F82FDB-1B5F-4323-B702-D8A985D290D9}.Release|Win32.ActiveCfg = Release|Win32
		{B3F82FDB-1B5F-4323-B702-D8A985D290D9}.Release|Win32.Build.0 = Release|Win32
		{B3F82FDB-1B5F-4323-B702-D8A985D290D9}.Release|x64.ActiveCfg = Release|x64
		{B3F82FDB-1B5F-4323-B702-D8A985D290D9}.Release|x64.Build.0 = Release|x64
	EndGlobalSection
	GlobalSection(SolutionProperties) = preSolution
		HideSolutionNode = FALSE
	EndGlobalSection
	GlobalSection(ExtensibilityGlobals) = postSolution
		SolutionGuid = {A2EB955E-8216-4DD0-8463-B628A6D43F42}
	EndGlobalSection
EndGlobal
