<?xml version="1.0" encoding="utf-8"?>
<Project ToolsVersion="4.0" xmlns="http://schemas.microsoft.com/developer/msbuild/2003">
  <ItemGroup>
    <ClCompile Include="Src\dllmain.cpp">
      <Filter>Sources</Filter>
    </ClCompile>
    <ClCompile Include="Src\stdafx.cpp">
      <Filter>Sources</Filter>
    </ClCompile>
    <ClCompile Include="Src\TextSerializer.cpp">
      <Filter>Sources</Filter>
    </ClCompile>
    <ClCompile Include="Src\Tpm2.cpp">
      <Filter>Sources</Filter>
    </ClCompile>
    <ClCompile Include="Src\TpmDevice.cpp">
      <Filter>Sources</Filter>
    </ClCompile>
    <ClCompile Include="Src\TpmTypes.cpp">
      <Filter>Sources</Filter>
    </ClCompile>
    <ClCompile Include="Src\TpmTypeExtensions.cpp">
      <Filter>Sources</Filter>
    </ClCompile>
    <ClCompile Include="Src\TpmMarshal.cpp">
      <Filter>Sources</Filter>
    </ClCompile>
    <ClCompile Include="Src\TpmPolicy.cpp">
      <Filter>Sources</Filter>
    </ClCompile>
    <ClCompile Include="Src\TpmHelpers.cpp">
      <Filter>Sources</Filter>
    </ClCompile>
    <ClCompile Include="Src\TpmAuthSessions.cpp">
      <Filter>Sources</Filter>
    </ClCompile>
    <ClCompile Include="Src\TpmMarshalNew.cpp">
      <Filter>Sources</Filter>
    </ClCompile>
    <ClCompile Include="Src\TpmStructure.cpp">
      <Filter>Sources</Filter>
    </ClCompile>
    <ClCompile Include="Src\Crypto.cpp">
      <Filter>Sources</Filter>
    </ClCompile>
    <ClCompile Include="Src\Serialize.cpp">
      <Filter>Sources</Filter>
    </ClCompile>
  </ItemGroup>
  <ItemGroup>
    <ClInclude Include="include\Extensions\TPMS_PCR_SELECTION.h">
      <Filter>Headers\Extensions</Filter>
    </ClInclude>
    <ClInclude Include="include\Extensions\TPMT_HA.h">
      <Filter>Headers\Extensions</Filter>
    </ClInclude>
    <ClInclude Include="include\Extensions\TPMT_PUBLIC.h">
      <Filter>Headers\Extensions</Filter>
    </ClInclude>
    <ClInclude Include="include\Extensions\TPMT_SENSITIVE.h">
      <Filter>Headers\Extensions</Filter>
    </ClInclude>
    <ClInclude Include="include\Extensions\TPMT_SYM_DEF.h">
      <Filter>Headers\Extensions</Filter>
    </ClInclude>
    <ClInclude Include="include\Extensions\TPMT_SYM_DEF_OBJECT.h">
      <Filter>Headers\Extensions</Filter>
    </ClInclude>
    <ClInclude Include="include\Extensions\TPM_HANDLE.h">
      <Filter>Headers\Extensions</Filter>
    </ClInclude>
    <ClInclude Include="include\fdefs.h">
      <Filter>Headers</Filter>
    </ClInclude>
    <ClInclude Include="include\Tpm2.h">
      <Filter>Headers</Filter>
    </ClInclude>
    <ClInclude Include="include\TpmDevice.h">
      <Filter>Headers</Filter>
    </ClInclude>
    <ClInclude Include="include\TpmTypes.h">
      <Filter>Headers</Filter>
    </ClInclude>
    <ClInclude Include="include\Extensions\TSS_KEY.h">
      <Filter>Headers\Extensions</Filter>
    </ClInclude>
    <ClInclude Include="src\stdafx.h">
      <Filter>Sources</Filter>
    </ClInclude>
    <ClInclude Include="include\Tss.h">
      <Filter>Headers</Filter>
    </ClInclude>
    <ClInclude Include="src\MarshalInternal.h">
      <Filter>Sources</Filter>
    </ClInclude>
    <ClInclude Include="include\TpmMarshal.h">
      <Filter>Headers</Filter>
    </ClInclude>
    <ClInclude Include="include\TpmPolicy.h">
      <Filter>Headers</Filter>
    </ClInclude>
    <ClInclude Include="include\TpmHelpers.h">
      <Filter>Headers</Filter>
    </ClInclude>
    <ClInclude Include="include\Extensions\TPMT_TK_HASHCHECK.h">
      <Filter>Headers\Extensions</Filter>
    </ClInclude>
    <ClInclude Include="include\TpmMarshalNew.h">
      <Filter>Headers</Filter>
    </ClInclude>
    <ClInclude Include="include\TpmStructure.h">
      <Filter>Headers</Filter>
    </ClInclude>
    <ClInclude Include="include\Crypto.h">
      <Filter>Headers</Filter>
    </ClInclude>
    <ClInclude Include="include\Serialize.h">
      <Filter>Headers</Filter>
    </ClInclude>
  </ItemGroup>
  <ItemGroup>
    <Filter Include="Headers">
      <UniqueIdentifier>{b9b998ca-7587-4c87-8337-9eafea490a8b}</UniqueIdentifier>
    </Filter>
    <Filter Include="Headers\Extensions">
      <UniqueIdentifier>{e9e38cd6-a1d4-4b7d-a2b3-24e5bf3198ee}</UniqueIdentifier>
    </Filter>
    <Filter Include="Sources">
      <UniqueIdentifier>{c3458cdc-7531-42d0-930c-56397f11ece7}</UniqueIdentifier>
    </Filter>
  </ItemGroup>
</Project>