
Microsoft Visual Studio Solution File, Format Version 12.00
# Visual Studio 14
VisualStudioVersion = 14.0.24627.0
MinimumVisualStudioVersion = 10.0.40219.1
Project("{FAE04EC0-301F-11D3-BF4B-00C04F79EFBC}") = "TSS.NET", "TSS.NET\Src\TSS.NET.csproj", "{D5330AD6-D583-42B3-8F2C-48672EC9EB29}"
EndProject
Project("{FAE04EC0-301F-11D3-BF4B-00C04F79EFBC}") = "GetCapabilities", "TSS.NET\Samples\Windows8\GetCapabilities\GetCapabilities\GetCapabilities.csproj", "{A704A8EE-003D-4B88-8AEF-4B0AC9A3D237}"
	ProjectSection(ProjectDependencies) = postProject
		{D5330AD6-D583-42B3-8F2C-48672EC9EB29} = {D5330AD6-D583-42B3-8F2C-48672EC9EB29}
	EndProjectSection
EndProject
Project("{FAE04EC0-301F-11D3-BF4B-00C04F79EFBC}") = "GetRandom", "TSS.NET\Samples\Windows8\GetRandom\GetRandom.csproj", "{F4426777-827F-4A2D-9637-0BD33159765A}"
	ProjectSection(ProjectDependencies) = postProject
		{D5330AD6-D583-42B3-8F2C-48672EC9EB29} = {D5330AD6-D583-42B3-8F2C-48672EC9EB29}
	EndProjectSection
EndProject
Project("{FAE04EC0-301F-11D3-BF4B-00C04F79EFBC}") = "Hash", "TSS.NET\Samples\Windows8\Hash\Hash.csproj", "{E83A9614-EFF2-439D-B51A-98836E12A266}"
	ProjectSection(ProjectDependencies) = postProject
		{D5330AD6-D583-42B3-8F2C-48672EC9EB29} = {D5330AD6-D583-42B3-8F2C-48672EC9EB29}
	EndProjectSection
EndProject
Project("{FAE04EC0-301F-11D3-BF4B-00C04F79EFBC}") = "NV", "TSS.NET\Samples\Windows8\NV\NV.csproj", "{F5FBD7D7-A6DE-4EB6-8DC4-18E700EC6C7E}"
	ProjectSection(ProjectDependencies) = postProject
		{D5330AD6-D583-42B3-8F2C-48672EC9EB29} = {D5330AD6-D583-42B3-8F2C-48672EC9EB29}
	EndProjectSection
EndProject
Project("{FAE04EC0-301F-11D3-BF4B-00C04F79EFBC}") = "PCRandKeys", "TSS.NET\Samples\Windows8\PCRandKeys\PCRandKeys.csproj", "{BF885225-D136-4CD4-8395-F96C53EBF7C6}"
	ProjectSection(ProjectDependencies) = postProject
		{D5330AD6-D583-42B3-8F2C-48672EC9EB29} = {D5330AD6-D583-42B3-8F2C-48672EC9EB29}
	EndProjectSection
EndProject
Project("{FAE04EC0-301F-11D3-BF4B-00C04F79EFBC}") = "Policy", "TSS.NET\Samples\Windows8\Policy\Policy.csproj", "{C0631B72-56F4-434A-8696-9409A3FA11C1}"
	ProjectSection(ProjectDependencies) = postProject
		{D5330AD6-D583-42B3-8F2C-48672EC9EB29} = {D5330AD6-D583-42B3-8F2C-48672EC9EB29}
	EndProjectSection
EndProject
Project("{FAE04EC0-301F-11D3-BF4B-00C04F79EFBC}") = "Signing", "TSS.NET\Samples\Windows8\Signing\Signing.csproj", "{B96F1EA4-DACA-4566-A664-592CB46F3FFE}"
	ProjectSection(ProjectDependencies) = postProject
		{D5330AD6-D583-42B3-8F2C-48672EC9EB29} = {D5330AD6-D583-42B3-8F2C-48672EC9EB29}
	EndProjectSection
EndProject
Project("{FAE04EC0-301F-11D3-BF4B-00C04F79EFBC}") = "Simulator", "TSS.NET\Samples\Windows8\Simulator\Simulator.csproj", "{F37B849C-9B94-4274-8FF1-D93DC488F47C}"
	ProjectSection(ProjectDependencies) = postProject
		{D5330AD6-D583-42B3-8F2C-48672EC9EB29} = {D5330AD6-D583-42B3-8F2C-48672EC9EB29}
	EndProjectSection
EndProject
Project("{FAE04EC0-301F-11D3-BF4B-00C04F79EFBC}") = "SimplePolicy", "TSS.NET\Samples\Windows8\SimplePolicy\SimplePolicy.csproj", "{9B0D9B45-93E0-4E17-89E4-321D3D46B8B3}"
	ProjectSection(ProjectDependencies) = postProject
		{D5330AD6-D583-42B3-8F2C-48672EC9EB29} = {D5330AD6-D583-42B3-8F2C-48672EC9EB29}
	EndProjectSection
EndProject
Project("{FAE04EC0-301F-11D3-BF4B-00C04F79EFBC}") = "Authorization", "TSS.NET\Samples\Windows8\Authorization\Authorization.csproj", "{E35D9D73-9B5C-4449-9137-61500828A24B}"
	ProjectSection(ProjectDependencies) = postProject
		{D5330AD6-D583-42B3-8F2C-48672EC9EB29} = {D5330AD6-D583-42B3-8F2C-48672EC9EB29}
	EndProjectSection
EndProject
Project("{2150E333-8FDC-42A3-9474-1A3956D46DE8}") = "TSS.CPP", "TSS.CPP", "{21CE3750-9422-4F5B-B0C0-F477DFAB8DC3}"
EndProject
Project("{2150E333-8FDC-42A3-9474-1A3956D46DE8}") = "Samples", "Samples", "{88AFCE69-0B02-49BB-8333-79676C1BDF56}"
EndProject
Project("{2150E333-8FDC-42A3-9474-1A3956D46DE8}") = "TSS.NET", "TSS.NET", "{84C14905-47EA-4BE5-A6AA-D73DACC4C88E}"
EndProject
Project("{8BC9CEB8-8B4A-11D0-8D11-00A0C91BC942}") = "TSS.CPP Samples", "TSS.CPP\Samples\TSS.CPP Samples.vcxproj", "{B3F82FDB-1B5F-4323-B702-D8A985D290D9}"
	ProjectSection(ProjectDependencies) = postProject
		{9CF79696-FE18-47D8-BEB6-75C6D90124D9} = {9CF79696-FE18-47D8-BEB6-75C6D90124D9}
	EndProjectSection
EndProject
Project("{8BC9CEB8-8B4A-11D0-8D11-00A0C91BC942}") = "TSS.CPP", "TSS.CPP\Src\TSS.CPP.vcxproj", "{9CF79696-FE18-47D8-BEB6-75C6D90124D9}"
EndProject
Global
	GlobalSection(SolutionConfigurationPlatforms) = preSolution
		Debug|Any CPU = Debug|Any CPU
		Debug|Mixed Platforms = Debug|Mixed Platforms
		Debug|Win32 = Debug|Win32
		Debug|x86 = Debug|x86
		Release|Any CPU = Release|Any CPU
		Release|Mixed Platforms = Release|Mixed Platforms
		Release|Win32 = Release|Win32
		Release|x86 = Release|x86
	EndGlobalSection
	GlobalSection(ProjectConfigurationPlatforms) = postSolution
		{D5330AD6-D583-42B3-8F2C-48672EC9EB29}.Debug|Any CPU.ActiveCfg = Debug|Any CPU
		{D5330AD6-D583-42B3-8F2C-48672EC9EB29}.Debug|Any CPU.Build.0 = Debug|Any CPU
		{D5330AD6-D583-42B3-8F2C-48672EC9EB29}.Debug|Mixed Platforms.ActiveCfg = Debug|Any CPU
		{D5330AD6-D583-42B3-8F2C-48672EC9EB29}.Debug|Mixed Platforms.Build.0 = Debug|Any CPU
		{D5330AD6-D583-42B3-8F2C-48672EC9EB29}.Debug|Win32.ActiveCfg = Debug|Any CPU
		{D5330AD6-D583-42B3-8F2C-48672EC9EB29}.Debug|Win32.Build.0 = Debug|Any CPU
		{D5330AD6-D583-42B3-8F2C-48672EC9EB29}.Debug|x86.ActiveCfg = Debug|Any CPU
		{D5330AD6-D583-42B3-8F2C-48672EC9EB29}.Debug|x86.Build.0 = Debug|Any CPU
		{D5330AD6-D583-42B3-8F2C-48672EC9EB29}.Release|Any CPU.ActiveCfg = Release|Any CPU
		{D5330AD6-D583-42B3-8F2C-48672EC9EB29}.Release|Any CPU.Build.0 = Release|Any CPU
		{D5330AD6-D583-42B3-8F2C-48672EC9EB29}.Release|Mixed Platforms.ActiveCfg = Release|Any CPU
		{D5330AD6-D583-42B3-8F2C-48672EC9EB29}.Release|Mixed Platforms.Build.0 = Release|Any CPU
		{D5330AD6-D583-42B3-8F2C-48672EC9EB29}.Release|Win32.ActiveCfg = Release|Any CPU
		{D5330AD6-D583-42B3-8F2C-48672EC9EB29}.Release|Win32.Build.0 = Release|Any CPU
		{D5330AD6-D583-42B3-8F2C-48672EC9EB29}.Release|x86.ActiveCfg = Release|Any CPU
		{D5330AD6-D583-42B3-8F2C-48672EC9EB29}.Release|x86.Build.0 = Release|Any CPU
		{A704A8EE-003D-4B88-8AEF-4B0AC9A3D237}.Debug|Any CPU.ActiveCfg = Debug|Any CPU
		{A704A8EE-003D-4B88-8AEF-4B0AC9A3D237}.Debug|Any CPU.Build.0 = Debug|Any CPU
		{A704A8EE-003D-4B88-8AEF-4B0AC9A3D237}.Debug|Mixed Platforms.ActiveCfg = Debug|Any CPU
		{A704A8EE-003D-4B88-8AEF-4B0AC9A3D237}.Debug|Mixed Platforms.Build.0 = Debug|Any CPU
		{A704A8EE-003D-4B88-8AEF-4B0AC9A3D237}.Debug|Win32.ActiveCfg = Debug|Any CPU
		{A704A8EE-003D-4B88-8AEF-4B0AC9A3D237}.Debug|Win32.Build.0 = Debug|Any CPU
		{A704A8EE-003D-4B88-8AEF-4B0AC9A3D237}.Debug|x86.ActiveCfg = Debug|Any CPU
		{A704A8EE-003D-4B88-8AEF-4B0AC9A3D237}.Debug|x86.Build.0 = Debug|Any CPU
		{A704A8EE-003D-4B88-8AEF-4B0AC9A3D237}.Release|Any CPU.ActiveCfg = Release|Any CPU
		{A704A8EE-003D-4B88-8AEF-4B0AC9A3D237}.Release|Any CPU.Build.0 = Release|Any CPU
		{A704A8EE-003D-4B88-8AEF-4B0AC9A3D237}.Release|Mixed Platforms.ActiveCfg = Release|Any CPU
		{A704A8EE-003D-4B88-8AEF-4B0AC9A3D237}.Release|Mixed Platforms.Build.0 = Release|Any CPU
		{A704A8EE-003D-4B88-8AEF-4B0AC9A3D237}.Release|Win32.ActiveCfg = Release|Any CPU
		{A704A8EE-003D-4B88-8AEF-4B0AC9A3D237}.Release|x86.ActiveCfg = Release|Any CPU
		{F4426777-827F-4A2D-9637-0BD33159765A}.Debug|Any CPU.ActiveCfg = Debug|Any CPU
		{F4426777-827F-4A2D-9637-0BD33159765A}.Debug|Any CPU.Build.0 = Debug|Any CPU
		{F4426777-827F-4A2D-9637-0BD33159765A}.Debug|Mixed Platforms.ActiveCfg = Debug|Any CPU
		{F4426777-827F-4A2D-9637-0BD33159765A}.Debug|Mixed Platforms.Build.0 = Debug|Any CPU
		{F4426777-827F-4A2D-9637-0BD33159765A}.Debug|Win32.ActiveCfg = Debug|Any CPU
		{F4426777-827F-4A2D-9637-0BD33159765A}.Debug|Win32.Build.0 = Debug|Any CPU
		{F4426777-827F-4A2D-9637-0BD33159765A}.Debug|x86.ActiveCfg = Debug|Any CPU
		{F4426777-827F-4A2D-9637-0BD33159765A}.Debug|x86.Build.0 = Debug|Any CPU
		{F4426777-827F-4A2D-9637-0BD33159765A}.Release|Any CPU.ActiveCfg = Release|Any CPU
		{F4426777-827F-4A2D-9637-0BD33159765A}.Release|Any CPU.Build.0 = Release|Any CPU
		{F4426777-827F-4A2D-9637-0BD33159765A}.Release|Mixed Platforms.ActiveCfg = Release|Any CPU
		{F4426777-827F-4A2D-9637-0BD33159765A}.Release|Mixed Platforms.Build.0 = Release|Any CPU
		{F4426777-827F-4A2D-9637-0BD33159765A}.Release|Win32.ActiveCfg = Release|Any CPU
		{F4426777-827F-4A2D-9637-0BD33159765A}.Release|x86.ActiveCfg = Release|Any CPU
		{E83A9614-EFF2-439D-B51A-98836E12A266}.Debug|Any CPU.ActiveCfg = Debug|Any CPU
		{E83A9614-EFF2-439D-B51A-98836E12A266}.Debug|Any CPU.Build.0 = Debug|Any CPU
		{E83A9614-EFF2-439D-B51A-98836E12A266}.Debug|Mixed Platforms.ActiveCfg = Debug|Any CPU
		{E83A9614-EFF2-439D-B51A-98836E12A266}.Debug|Mixed Platforms.Build.0 = Debug|Any CPU
		{E83A9614-EFF2-439D-B51A-98836E12A266}.Debug|Win32.ActiveCfg = Debug|Any CPU
		{E83A9614-EFF2-439D-B51A-98836E12A266}.Debug|Win32.Build.0 = Debug|Any CPU
		{E83A9614-EFF2-439D-B51A-98836E12A266}.Debug|x86.ActiveCfg = Debug|Any CPU
		{E83A9614-EFF2-439D-B51A-98836E12A266}.Debug|x86.Build.0 = Debug|Any CPU
		{E83A9614-EFF2-439D-B51A-98836E12A266}.Release|Any CPU.ActiveCfg = Release|Any CPU
		{E83A9614-EFF2-439D-B51A-98836E12A266}.Release|Any CPU.Build.0 = Release|Any CPU
		{E83A9614-EFF2-439D-B51A-98836E12A266}.Release|Mixed Platforms.ActiveCfg = Release|Any CPU
		{E83A9614-EFF2-439D-B51A-98836E12A266}.Release|Mixed Platforms.Build.0 = Release|Any CPU
		{E83A9614-EFF2-439D-B51A-98836E12A266}.Release|Win32.ActiveCfg = Release|Any CPU
		{E83A9614-EFF2-439D-B51A-98836E12A266}.Release|x86.ActiveCfg = Release|Any CPU
		{F5FBD7D7-A6DE-4EB6-8DC4-18E700EC6C7E}.Debug|Any CPU.ActiveCfg = Debug|Any CPU
		{F5FBD7D7-A6DE-4EB6-8DC4-18E700EC6C7E}.Debug|Any CPU.Build.0 = Debug|Any CPU
		{F5FBD7D7-A6DE-4EB6-8DC4-18E700EC6C7E}.Debug|Mixed Platforms.ActiveCfg = Debug|Any CPU
		{F5FBD7D7-A6DE-4EB6-8DC4-18E700EC6C7E}.Debug|Mixed Platforms.Build.0 = Debug|Any CPU
		{F5FBD7D7-A6DE-4EB6-8DC4-18E700EC6C7E}.Debug|Win32.ActiveCfg = Debug|Any CPU
		{F5FBD7D7-A6DE-4EB6-8DC4-18E700EC6C7E}.Debug|Win32.Build.0 = Debug|Any CPU
		{F5FBD7D7-A6DE-4EB6-8DC4-18E700EC6C7E}.Debug|x86.ActiveCfg = Debug|Any CPU
		{F5FBD7D7-A6DE-4EB6-8DC4-18E700EC6C7E}.Debug|x86.Build.0 = Debug|Any CPU
		{F5FBD7D7-A6DE-4EB6-8DC4-18E700EC6C7E}.Release|Any CPU.ActiveCfg = Release|Any CPU
		{F5FBD7D7-A6DE-4EB6-8DC4-18E700EC6C7E}.Release|Any CPU.Build.0 = Release|Any CPU
		{F5FBD7D7-A6DE-4EB6-8DC4-18E700EC6C7E}.Release|Mixed Platforms.ActiveCfg = Release|Any CPU
		{F5FBD7D7-A6DE-4EB6-8DC4-18E700EC6C7E}.Release|Mixed Platforms.Build.0 = Release|Any CPU
		{F5FBD7D7-A6DE-4EB6-8DC4-18E700EC6C7E}.Release|Win32.ActiveCfg = Release|Any CPU
		{F5FBD7D7-A6DE-4EB6-8DC4-18E700EC6C7E}.Release|x86.ActiveCfg = Release|Any CPU
		{BF885225-D136-4CD4-8395-F96C53EBF7C6}.Debug|Any CPU.ActiveCfg = Debug|Any CPU
		{BF885225-D136-4CD4-8395-F96C53EBF7C6}.Debug|Any CPU.Build.0 = Debug|Any CPU
		{BF885225-D136-4CD4-8395-F96C53EBF7C6}.Debug|Mixed Platforms.ActiveCfg = Debug|Any CPU
		{BF885225-D136-4CD4-8395-F96C53EBF7C6}.Debug|Mixed Platforms.Build.0 = Debug|Any CPU
		{BF885225-D136-4CD4-8395-F96C53EBF7C6}.Debug|Win32.ActiveCfg = Debug|Any CPU
		{BF885225-D136-4CD4-8395-F96C53EBF7C6}.Debug|Win32.Build.0 = Debug|Any CPU
		{BF885225-D136-4CD4-8395-F96C53EBF7C6}.Debug|x86.ActiveCfg = Debug|Any CPU
		{BF885225-D136-4CD4-8395-F96C53EBF7C6}.Debug|x86.Build.0 = Debug|Any CPU
		{BF885225-D136-4CD4-8395-F96C53EBF7C6}.Release|Any CPU.ActiveCfg = Release|Any CPU
		{BF885225-D136-4CD4-8395-F96C53EBF7C6}.Release|Any CPU.Build.0 = Release|Any CPU
		{BF885225-D136-4CD4-8395-F96C53EBF7C6}.Release|Mixed Platforms.ActiveCfg = Release|Any CPU
		{BF885225-D136-4CD4-8395-F96C53EBF7C6}.Release|Mixed Platforms.Build.0 = Release|Any CPU
		{BF885225-D136-4CD4-8395-F96C53EBF7C6}.Release|Win32.ActiveCfg = Release|Any CPU
		{BF885225-D136-4CD4-8395-F96C53EBF7C6}.Release|x86.ActiveCfg = Release|Any CPU
		{C0631B72-56F4-434A-8696-9409A3FA11C1}.Debug|Any CPU.ActiveCfg = Debug|Any CPU
		{C0631B72-56F4-434A-8696-9409A3FA11C1}.Debug|Any CPU.Build.0 = Debug|Any CPU
		{C0631B72-56F4-434A-8696-9409A3FA11C1}.Debug|Mixed Platforms.ActiveCfg = Debug|Any CPU
		{C0631B72-56F4-434A-8696-9409A3FA11C1}.Debug|Mixed Platforms.Build.0 = Debug|Any CPU
		{C0631B72-56F4-434A-8696-9409A3FA11C1}.Debug|Win32.ActiveCfg = Debug|Any CPU
		{C0631B72-56F4-434A-8696-9409A3FA11C1}.Debug|Win32.Build.0 = Debug|Any CPU
		{C0631B72-56F4-434A-8696-9409A3FA11C1}.Debug|x86.ActiveCfg = Debug|Any CPU
		{C0631B72-56F4-434A-8696-9409A3FA11C1}.Debug|x86.Build.0 = Debug|Any CPU
		{C0631B72-56F4-434A-8696-9409A3FA11C1}.Release|Any CPU.ActiveCfg = Release|Any CPU
		{C0631B72-56F4-434A-8696-9409A3FA11C1}.Release|Any CPU.Build.0 = Release|Any CPU
		{C0631B72-56F4-434A-8696-9409A3FA11C1}.Release|Mixed Platforms.ActiveCfg = Release|Any CPU
		{C0631B72-56F4-434A-8696-9409A3FA11C1}.Release|Mixed Platforms.Build.0 = Release|Any CPU
		{C0631B72-56F4-434A-8696-9409A3FA11C1}.Release|Win32.ActiveCfg = Release|Any CPU
		{C0631B72-56F4-434A-8696-9409A3FA11C1}.Release|x86.ActiveCfg = Release|Any CPU
		{B96F1EA4-DACA-4566-A664-592CB46F3FFE}.Debug|Any CPU.ActiveCfg = Debug|Any CPU
		{B96F1EA4-DACA-4566-A664-592CB46F3FFE}.Debug|Any CPU.Build.0 = Debug|Any CPU
		{B96F1EA4-DACA-4566-A664-592CB46F3FFE}.Debug|Mixed Platforms.ActiveCfg = Debug|Any CPU
		{B96F1EA4-DACA-4566-A664-592CB46F3FFE}.Debug|Mixed Platforms.Build.0 = Debug|Any CPU
		{B96F1EA4-DACA-4566-A664-592CB46F3FFE}.Debug|Win32.ActiveCfg = Debug|Any CPU
		{B96F1EA4-DACA-4566-A664-592CB46F3FFE}.Debug|Win32.Build.0 = Debug|Any CPU
		{B96F1EA4-DACA-4566-A664-592CB46F3FFE}.Debug|x86.ActiveCfg = Debug|Any CPU
		{B96F1EA4-DACA-4566-A664-592CB46F3FFE}.Debug|x86.Build.0 = Debug|Any CPU
		{B96F1EA4-DACA-4566-A664-592CB46F3FFE}.Release|Any CPU.ActiveCfg = Release|Any CPU
		{B96F1EA4-DACA-4566-A664-592CB46F3FFE}.Release|Any CPU.Build.0 = Release|Any CPU
		{B96F1EA4-DACA-4566-A664-592CB46F3FFE}.Release|Mixed Platforms.ActiveCfg = Release|Any CPU
		{B96F1EA4-DACA-4566-A664-592CB46F3FFE}.Release|Mixed Platforms.Build.0 = Release|Any CPU
		{B96F1EA4-DACA-4566-A664-592CB46F3FFE}.Release|Win32.ActiveCfg = Release|Any CPU
		{B96F1EA4-DACA-4566-A664-592CB46F3FFE}.Release|x86.ActiveCfg = Release|Any CPU
		{F37B849C-9B94-4274-8FF1-D93DC488F47C}.Debug|Any CPU.ActiveCfg = Debug|Any CPU
		{F37B849C-9B94-4274-8FF1-D93DC488F47C}.Debug|Any CPU.Build.0 = Debug|Any CPU
		{F37B849C-9B94-4274-8FF1-D93DC488F47C}.Debug|Mixed Platforms.ActiveCfg = Debug|Any CPU
		{F37B849C-9B94-4274-8FF1-D93DC488F47C}.Debug|Mixed Platforms.Build.0 = Debug|Any CPU
		{F37B849C-9B94-4274-8FF1-D93DC488F47C}.Debug|Win32.ActiveCfg = Debug|Any CPU
		{F37B849C-9B94-4274-8FF1-D93DC488F47C}.Debug|Win32.Build.0 = Debug|Any CPU
		{F37B849C-9B94-4274-8FF1-D93DC488F47C}.Debug|x86.ActiveCfg = Debug|Any CPU
		{F37B849C-9B94-4274-8FF1-D93DC488F47C}.Debug|x86.Build.0 = Debug|Any CPU
		{F37B849C-9B94-4274-8FF1-D93DC488F47C}.Release|Any CPU.ActiveCfg = Release|Any CPU
		{F37B849C-9B94-4274-8FF1-D93DC488F47C}.Release|Any CPU.Build.0 = Release|Any CPU
		{F37B849C-9B94-4274-8FF1-D93DC488F47C}.Release|Mixed Platforms.ActiveCfg = Release|Any CPU
		{F37B849C-9B94-4274-8FF1-D93DC488F47C}.Release|Mixed Platforms.Build.0 = Release|Any CPU
		{F37B849C-9B94-4274-8FF1-D93DC488F47C}.Release|Win32.ActiveCfg = Release|Any CPU
		{F37B849C-9B94-4274-8FF1-D93DC488F47C}.Release|x86.ActiveCfg = Release|Any CPU
		{9B0D9B45-93E0-4E17-89E4-321D3D46B8B3}.Debug|Any CPU.ActiveCfg = Debug|Any CPU
		{9B0D9B45-93E0-4E17-89E4-321D3D46B8B3}.Debug|Any CPU.Build.0 = Debug|Any CPU
		{9B0D9B45-93E0-4E17-89E4-321D3D46B8B3}.Debug|Mixed Platforms.ActiveCfg = Debug|Any CPU
		{9B0D9B45-93E0-4E17-89E4-321D3D46B8B3}.Debug|Mixed Platforms.Build.0 = Debug|Any CPU
		{9B0D9B45-93E0-4E17-89E4-321D3D46B8B3}.Debug|Win32.ActiveCfg = Debug|Any CPU
		{9B0D9B45-93E0-4E17-89E4-321D3D46B8B3}.Debug|Win32.Build.0 = Debug|Any CPU
		{9B0D9B45-93E0-4E17-89E4-321D3D46B8B3}.Debug|x86.ActiveCfg = Debug|Any CPU
		{9B0D9B45-93E0-4E17-89E4-321D3D46B8B3}.Debug|x86.Build.0 = Debug|Any CPU
		{9B0D9B45-93E0-4E17-89E4-321D3D46B8B3}.Release|Any CPU.ActiveCfg = Release|Any CPU
		{9B0D9B45-93E0-4E17-89E4-321D3D46B8B3}.Release|Any CPU.Build.0 = Release|Any CPU
		{9B0D9B45-93E0-4E17-89E4-321D3D46B8B3}.Release|Mixed Platforms.ActiveCfg = Release|Any CPU
		{9B0D9B45-93E0-4E17-89E4-321D3D46B8B3}.Release|Mixed Platforms.Build.0 = Release|Any CPU
		{9B0D9B45-93E0-4E17-89E4-321D3D46B8B3}.Release|Win32.ActiveCfg = Release|Any CPU
		{9B0D9B45-93E0-4E17-89E4-321D3D46B8B3}.Release|x86.ActiveCfg = Release|Any CPU
		{E35D9D73-9B5C-4449-9137-61500828A24B}.Debug|Any CPU.ActiveCfg = Debug|Any CPU
		{E35D9D73-9B5C-4449-9137-61500828A24B}.Debug|Any CPU.Build.0 = Debug|Any CPU
		{E35D9D73-9B5C-4449-9137-61500828A24B}.Debug|Mixed Platforms.ActiveCfg = Debug|Any CPU
		{E35D9D73-9B5C-4449-9137-61500828A24B}.Debug|Mixed Platforms.Build.0 = Debug|Any CPU
		{E35D9D73-9B5C-4449-9137-61500828A24B}.Debug|Win32.ActiveCfg = Debug|Any CPU
		{E35D9D73-9B5C-4449-9137-61500828A24B}.Debug|Win32.Build.0 = Debug|Any CPU
		{E35D9D73-9B5C-4449-9137-61500828A24B}.Debug|x86.ActiveCfg = Debug|Any CPU
		{E35D9D73-9B5C-4449-9137-61500828A24B}.Debug|x86.Build.0 = Debug|Any CPU
		{E35D9D73-9B5C-4449-9137-61500828A24B}.Release|Any CPU.ActiveCfg = Release|Any CPU
		{E35D9D73-9B5C-4449-9137-61500828A24B}.Release|Any CPU.Build.0 = Release|Any CPU
		{E35D9D73-9B5C-4449-9137-61500828A24B}.Release|Mixed Platforms.ActiveCfg = Release|Any CPU
		{E35D9D73-9B5C-4449-9137-61500828A24B}.Release|Mixed Platforms.Build.0 = Release|Any CPU
		{E35D9D73-9B5C-4449-9137-61500828A24B}.Release|Win32.ActiveCfg = Release|Any CPU
		{E35D9D73-9B5C-4449-9137-61500828A24B}.Release|x86.ActiveCfg = Release|Any CPU
		{B3F82FDB-1B5F-4323-B702-D8A985D290D9}.Debug|Any CPU.ActiveCfg = Debug|Win32
		{B3F82FDB-1B5F-4323-B702-D8A985D290D9}.Debug|Any CPU.Build.0 = Debug|Win32
		{B3F82FDB-1B5F-4323-B702-D8A985D290D9}.Debug|Mixed Platforms.ActiveCfg = Debug|Win32
		{B3F82FDB-1B5F-4323-B702-D8A985D290D9}.Debug|Mixed Platforms.Build.0 = Debug|Win32
		{B3F82FDB-1B5F-4323-B702-D8A985D290D9}.Debug|Win32.ActiveCfg = Debug|Win32
		{B3F82FDB-1B5F-4323-B702-D8A985D290D9}.Debug|Win32.Build.0 = Debug|Win32
		{B3F82FDB-1B5F-4323-B702-D8A985D290D9}.Debug|x86.ActiveCfg = Debug|Win32
		{B3F82FDB-1B5F-4323-B702-D8A985D290D9}.Debug|x86.Build.0 = Debug|Win32
		{B3F82FDB-1B5F-4323-B702-D8A985D290D9}.Release|Any CPU.ActiveCfg = Release|Win32
		{B3F82FDB-1B5F-4323-B702-D8A985D290D9}.Release|Mixed Platforms.ActiveCfg = Release|Win32
		{B3F82FDB-1B5F-4323-B702-D8A985D290D9}.Release|Mixed Platforms.Build.0 = Release|Win32
		{B3F82FDB-1B5F-4323-B702-D8A985D290D9}.Release|Win32.ActiveCfg = Release|Win32
		{B3F82FDB-1B5F-4323-B702-D8A985D290D9}.Release|Win32.Build.0 = Release|Win32
		{B3F82FDB-1B5F-4323-B702-D8A985D290D9}.Release|x86.ActiveCfg = Release|Win32
		{B3F82FDB-1B5F-4323-B702-D8A985D290D9}.Release|x86.Build.0 = Release|Win32
		{9CF79696-FE18-47D8-BEB6-75C6D90124D9}.Debug|Any CPU.ActiveCfg = Debug|Win32
		{9CF79696-FE18-47D8-BEB6-75C6D90124D9}.Debug|Any CPU.Build.0 = Debug|Win32
		{9CF79696-FE18-47D8-BEB6-75C6D90124D9}.Debug|Mixed Platforms.ActiveCfg = Debug|Win32
		{9CF79696-FE18-47D8-BEB6-75C6D90124D9}.Debug|Mixed Platforms.Build.0 = Debug|Win32
		{9CF79696-FE18-47D8-BEB6-75C6D90124D9}.Debug|Win32.ActiveCfg = Debug|Win32
		{9CF79696-FE18-47D8-BEB6-75C6D90124D9}.Debug|Win32.Build.0 = Debug|Win32
		{9CF79696-FE18-47D8-BEB6-75C6D90124D9}.Debug|x86.ActiveCfg = Debug|Win32
		{9CF79696-FE18-47D8-BEB6-75C6D90124D9}.Debug|x86.Build.0 = Debug|Win32
		{9CF79696-FE18-47D8-BEB6-75C6D90124D9}.Release|Any CPU.ActiveCfg = Release|Win32
		{9CF79696-FE18-47D8-BEB6-75C6D90124D9}.Release|Mixed Platforms.ActiveCfg = Release|Win32
		{9CF79696-FE18-47D8-BEB6-75C6D90124D9}.Release|Mixed Platforms.Build.0 = Release|Win32
		{9CF79696-FE18-47D8-BEB6-75C6D90124D9}.Release|Win32.ActiveCfg = Release|Win32
		{9CF79696-FE18-47D8-BEB6-75C6D90124D9}.Release|Win32.Build.0 = Release|Win32
		{9CF79696-FE18-47D8-BEB6-75C6D90124D9}.Release|x86.ActiveCfg = Release|Win32
		{9CF79696-FE18-47D8-BEB6-75C6D90124D9}.Release|x86.Build.0 = Release|Win32
	EndGlobalSection
	GlobalSection(SolutionProperties) = preSolution
		HideSolutionNode = FALSE
	EndGlobalSection
	GlobalSection(NestedProjects) = preSolution
		{A704A8EE-003D-4B88-8AEF-4B0AC9A3D237} = {84C14905-47EA-4BE5-A6AA-D73DACC4C88E}
		{F4426777-827F-4A2D-9637-0BD33159765A} = {84C14905-47EA-4BE5-A6AA-D73DACC4C88E}
		{E83A9614-EFF2-439D-B51A-98836E12A266} = {84C14905-47EA-4BE5-A6AA-D73DACC4C88E}
		{F5FBD7D7-A6DE-4EB6-8DC4-18E700EC6C7E} = {84C14905-47EA-4BE5-A6AA-D73DACC4C88E}
		{BF885225-D136-4CD4-8395-F96C53EBF7C6} = {84C14905-47EA-4BE5-A6AA-D73DACC4C88E}
		{C0631B72-56F4-434A-8696-9409A3FA11C1} = {84C14905-47EA-4BE5-A6AA-D73DACC4C88E}
		{B96F1EA4-DACA-4566-A664-592CB46F3FFE} = {84C14905-47EA-4BE5-A6AA-D73DACC4C88E}
		{F37B849C-9B94-4274-8FF1-D93DC488F47C} = {84C14905-47EA-4BE5-A6AA-D73DACC4C88E}
		{9B0D9B45-93E0-4E17-89E4-321D3D46B8B3} = {84C14905-47EA-4BE5-A6AA-D73DACC4C88E}
		{E35D9D73-9B5C-4449-9137-61500828A24B} = {84C14905-47EA-4BE5-A6AA-D73DACC4C88E}
		{21CE3750-9422-4F5B-B0C0-F477DFAB8DC3} = {88AFCE69-0B02-49BB-8333-79676C1BDF56}
		{84C14905-47EA-4BE5-A6AA-D73DACC4C88E} = {88AFCE69-0B02-49BB-8333-79676C1BDF56}
		{B3F82FDB-1B5F-4323-B702-D8A985D290D9} = {21CE3750-9422-4F5B-B0C0-F477DFAB8DC3}
	EndGlobalSection
EndGlobal
