
Microsoft Visual Studio Solution File, Format Version 12.00
# Visual Studio 15
VisualStudioVersion = 15.0.28307.1062
MinimumVisualStudioVersion = 10.0.40219.1
Project("{FAE04EC0-301F-11D3-BF4B-00C04F79EFBC}") = "TssCodeGen", "TssCodeGen.csproj", "{BD198229-1147-41E9-B815-567A90745E14}"
EndProject
Global
	GlobalSection(SolutionConfigurationPlatforms) = preSolution
		Debug|Any CPU = Debug|Any CPU
		Release|Any CPU = Release|Any CPU
	EndGlobalSection
	GlobalSection(ProjectConfigurationPlatforms) = postSolution
		{BD198229-1147-41E9-B815-567A90745E14}.Debug|Any CPU.ActiveCfg = Debug|Any CPU
		{BD198229-1147-41E9-B815-567A90745E14}.Debug|Any CPU.Build.0 = Debug|Any CPU
		{BD198229-1147-41E9-B815-567A90745E14}.Release|Any CPU.ActiveCfg = Release|Any CPU
	EndGlobalSection
	GlobalSection(SolutionProperties) = preSolution
		HideSolutionNode = FALSE
	EndGlobalSection
	GlobalSection(ExtensibilityGlobals) = postSolution
		SolutionGuid = {5C56727C-3D75-4520-87B3-52158E11B650}
	EndGlobalSection
EndGlobal
