
Microsoft Visual Studio Solution File, Format Version 12.00
# Visual Studio 2012
Project("{FAE04EC0-301F-11D3-BF4B-00C04F79EFBC}") = "Signing", "Signing.csproj", "{B96F1EA4-DACA-4566-A664-592CB46F3FFE}"
EndProject
Global
	GlobalSection(SolutionConfigurationPlatforms) = preSolution
		Debug|Any CPU = Debug|Any CPU
		Release|Any CPU = Release|Any CPU
	EndGlobalSection
	GlobalSection(ProjectConfigurationPlatforms) = postSolution
		{B96F1EA4-DACA-4566-A664-592CB46F3FFE}.Debug|Any CPU.ActiveCfg = Debug|Any CPU
		{B96F1EA4-DACA-4566-A664-592CB46F3FFE}.Debug|Any CPU.Build.0 = Debug|Any CPU
		{B96F1EA4-DACA-4566-A664-592CB46F3FFE}.Release|Any CPU.ActiveCfg = Release|Any CPU
		{B96F1EA4-DACA-4566-A664-592CB46F3FFE}.Release|Any CPU.Build.0 = Release|Any CPU
	EndGlobalSection
	GlobalSection(SolutionProperties) = preSolution
		HideSolutionNode = FALSE
	EndGlobalSection
EndGlobal
