
Microsoft Visual Studio Solution File, Format Version 12.00
# Visual Studio 2012
Project("{FAE04EC0-301F-11D3-BF4B-00C04F79EFBC}") = "GetCapabilities", "GetCapabilities.csproj", "{A704A8EE-003D-4B88-8AEF-4B0AC9A3D237}"
EndProject
Global
	GlobalSection(SolutionConfigurationPlatforms) = preSolution
		Debug|Any CPU = Debug|Any CPU
		Release|Any CPU = Release|Any CPU
	EndGlobalSection
	GlobalSection(ProjectConfigurationPlatforms) = postSolution
		{A704A8EE-003D-4B88-8AEF-4B0AC9A3D237}.Debug|Any CPU.ActiveCfg = Debug|Any CPU
		{A704A8EE-003D-4B88-8AEF-4B0AC9A3D237}.Debug|Any CPU.Build.0 = Debug|Any CPU
		{A704A8EE-003D-4B88-8AEF-4B0AC9A3D237}.Release|Any CPU.ActiveCfg = Release|Any CPU
		{A704A8EE-003D-4B88-8AEF-4B0AC9A3D237}.Release|Any CPU.Build.0 = Release|Any CPU
	EndGlobalSection
	GlobalSection(SolutionProperties) = preSolution
		HideSolutionNode = FALSE
	EndGlobalSection
EndGlobal
