
Microsoft Visual Studio Solution File, Format Version 12.00
# Visual Studio 15
VisualStudioVersion = 15.0.27004.2006
MinimumVisualStudioVersion = 10.0.40219.1
Project("{2150E333-8FDC-42A3-9474-1A3956D46DE8}") = "TSS.NET Samples", "TSS.NET Samples", "{6DE79AC0-AAB0-443D-992A-2FD38148123B}"
EndProject
Project("{FAE04EC0-301F-11D3-BF4B-00C04F79EFBC}") = "Authorization", "Samples\Authorization\Authorization.csproj", "{E35D9D73-9B5C-4449-9137-61500828A24B}"
	ProjectSection(ProjectDependencies) = postProject
		{A81F80B4-A4E5-457D-9AC8-9EFAA0E76669} = {A81F80B4-A4E5-457D-9AC8-9EFAA0E76669}
	EndProjectSection
EndProject
Project("{FAE04EC0-301F-11D3-BF4B-00C04F79EFBC}") = "GetCapabilities", "Samples\GetCapabilities\GetCapabilities.csproj", "{A704A8EE-003D-4B88-8AEF-4B0AC9A3D237}"
	ProjectSection(ProjectDependencies) = postProject
		{A81F80B4-A4E5-457D-9AC8-9EFAA0E76669} = {A81F80B4-A4E5-457D-9AC8-9EFAA0E76669}
	EndProjectSection
EndProject
Project("{FAE04EC0-301F-11D3-BF4B-00C04F79EFBC}") = "GetRandom", "Samples\GetRandom\GetRandom.csproj", "{F4426777-827F-4A2D-9637-0BD33159765A}"
	ProjectSection(ProjectDependencies) = postProject
		{A81F80B4-A4E5-457D-9AC8-9EFAA0E76669} = {A81F80B4-A4E5-457D-9AC8-9EFAA0E76669}
	EndProjectSection
EndProject
Project("{FAE04EC0-301F-11D3-BF4B-00C04F79EFBC}") = "Hash", "Samples\Hash\Hash.csproj", "{E83A9614-EFF2-439D-B51A-98836E12A266}"
	ProjectSection(ProjectDependencies) = postProject
		{A81F80B4-A4E5-457D-9AC8-9EFAA0E76669} = {A81F80B4-A4E5-457D-9AC8-9EFAA0E76669}
	EndProjectSection
EndProject
Project("{FAE04EC0-301F-11D3-BF4B-00C04F79EFBC}") = "NV", "Samples\NV\NV.csproj", "{F5FBD7D7-A6DE-4EB6-8DC4-18E700EC6C7E}"
	ProjectSection(ProjectDependencies) = postProject
		{A81F80B4-A4E5-457D-9AC8-9EFAA0E76669} = {A81F80B4-A4E5-457D-9AC8-9EFAA0E76669}
	EndProjectSection
EndProject
Project("{FAE04EC0-301F-11D3-BF4B-00C04F79EFBC}") = "PCRandKeys", "Samples\PCRandKeys\PCRandKeys.csproj", "{BF885225-D136-4CD4-8395-F96C53EBF7C6}"
	ProjectSection(ProjectDependencies) = postProject
		{A81F80B4-A4E5-457D-9AC8-9EFAA0E76669} = {A81F80B4-A4E5-457D-9AC8-9EFAA0E76669}
	EndProjectSection
EndProject
Project("{FAE04EC0-301F-11D3-BF4B-00C04F79EFBC}") = "Policy", "Samples\Policy\Policy.csproj", "{C0631B72-56F4-434A-8696-9409A3FA11C1}"
	ProjectSection(ProjectDependencies) = postProject
		{A81F80B4-A4E5-457D-9AC8-9EFAA0E76669} = {A81F80B4-A4E5-457D-9AC8-9EFAA0E76669}
	EndProjectSection
EndProject
Project("{FAE04EC0-301F-11D3-BF4B-00C04F79EFBC}") = "Signing", "Samples\Signing\Signing.csproj", "{B96F1EA4-DACA-4566-A664-592CB46F3FFE}"
	ProjectSection(ProjectDependencies) = postProject
		{A81F80B4-A4E5-457D-9AC8-9EFAA0E76669} = {A81F80B4-A4E5-457D-9AC8-9EFAA0E76669}
	EndProjectSection
EndProject
Project("{FAE04EC0-301F-11D3-BF4B-00C04F79EFBC}") = "SimplePolicy", "Samples\SimplePolicy\SimplePolicy.csproj", "{9B0D9B45-93E0-4E17-89E4-321D3D46B8B3}"
	ProjectSection(ProjectDependencies) = postProject
		{A81F80B4-A4E5-457D-9AC8-9EFAA0E76669} = {A81F80B4-A4E5-457D-9AC8-9EFAA0E76669}
	EndProjectSection
EndProject
Project("{FAE04EC0-301F-11D3-BF4B-00C04F79EFBC}") = "Simulator", "Samples\Simulator\Simulator.csproj", "{F37B849C-9B94-4274-8FF1-D93DC488F47C}"
	ProjectSection(ProjectDependencies) = postProject
		{A81F80B4-A4E5-457D-9AC8-9EFAA0E76669} = {A81F80B4-A4E5-457D-9AC8-9EFAA0E76669}
	EndProjectSection
EndProject
Project("{9A19103F-16F7-4668-BE54-9A1E7A4F7556}") = "TSS.Net", "TSS.Net\TSS.Net.csproj", "{A81F80B4-A4E5-457D-9AC8-9EFAA0E76669}"
EndProject
Project("{FAE04EC0-301F-11D3-BF4B-00C04F79EFBC}") = "NV (UWP)", "Samples\NV (UWP)\NV (UWP).csproj", "{8A9BC276-5ECF-4558-B3C2-7271E9610CDF}"
EndProject
Project("{FAE04EC0-301F-11D3-BF4B-00C04F79EFBC}") = "NV (Windows)", "Samples\NV (Windows)\NV (Windows).csproj", "{813A67C7-5E07-4F02-A4EF-D1C30A6614EA}"
EndProject
Project("{FAE04EC0-301F-11D3-BF4B-00C04F79EFBC}") = "Import", "Samples\Import\Import.csproj", "{AD814564-C138-41E7-A5ED-CB7E7DA7C81D}"
EndProject
Project("{9A19103F-16F7-4668-BE54-9A1E7A4F7556}") = "PCRandKeys.NetCore", "Samples\PCRandKeys.NetCore\PCRandKeys.NetCore.csproj", "{3E0A727A-54B3-43B2-B80B-CFB382210CAB}"
EndProject
Project("{FAE04EC0-301F-11D3-BF4B-00C04F79EFBC}") = "TSS.Net.UWP", "TSS.Net.UWP\TSS.Net.UWP.csproj", "{0CE715C5-192F-45BD-B154-669E53A9E65F}"
EndProject
Global
	GlobalSection(SolutionConfigurationPlatforms) = preSolution
		Debug|Any CPU = Debug|Any CPU
		Debug|ARM = Debug|ARM
		Debug|x64 = Debug|x64
		Debug|x86 = Debug|x86
		Release|Any CPU = Release|Any CPU
		Release|ARM = Release|ARM
		Release|x64 = Release|x64
		Release|x86 = Release|x86
	EndGlobalSection
	GlobalSection(ProjectConfigurationPlatforms) = postSolution
		{E35D9D73-9B5C-4449-9137-61500828A24B}.Debug|Any CPU.ActiveCfg = Debug|Any CPU
		{E35D9D73-9B5C-4449-9137-61500828A24B}.Debug|ARM.ActiveCfg = Debug|Any CPU
		{E35D9D73-9B5C-4449-9137-61500828A24B}.Debug|ARM.Build.0 = Debug|Any CPU
		{E35D9D73-9B5C-4449-9137-61500828A24B}.Debug|x64.ActiveCfg = Debug|Any CPU
		{E35D9D73-9B5C-4449-9137-61500828A24B}.Debug|x64.Build.0 = Debug|Any CPU
		{E35D9D73-9B5C-4449-9137-61500828A24B}.Debug|x86.ActiveCfg = Debug|Any CPU
		{E35D9D73-9B5C-4449-9137-61500828A24B}.Debug|x86.Build.0 = Debug|Any CPU
		{E35D9D73-9B5C-4449-9137-61500828A24B}.Release|Any CPU.ActiveCfg = Release|Any CPU
		{E35D9D73-9B5C-4449-9137-61500828A24B}.Release|Any CPU.Build.0 = Release|Any CPU
		{E35D9D73-9B5C-4449-9137-61500828A24B}.Release|ARM.ActiveCfg = Release|Any CPU
		{E35D9D73-9B5C-4449-9137-61500828A24B}.Release|ARM.Build.0 = Release|Any CPU
		{E35D9D73-9B5C-4449-9137-61500828A24B}.Release|x64.ActiveCfg = Release|Any CPU
		{E35D9D73-9B5C-4449-9137-61500828A24B}.Release|x64.Build.0 = Release|Any CPU
		{E35D9D73-9B5C-4449-9137-61500828A24B}.Release|x86.ActiveCfg = Release|Any CPU
		{E35D9D73-9B5C-4449-9137-61500828A24B}.Release|x86.Build.0 = Release|Any CPU
		{A704A8EE-003D-4B88-8AEF-4B0AC9A3D237}.Debug|Any CPU.ActiveCfg = Debug|Any CPU
		{A704A8EE-003D-4B88-8AEF-4B0AC9A3D237}.Debug|ARM.ActiveCfg = Debug|Any CPU
		{A704A8EE-003D-4B88-8AEF-4B0AC9A3D237}.Debug|ARM.Build.0 = Debug|Any CPU
		{A704A8EE-003D-4B88-8AEF-4B0AC9A3D237}.Debug|x64.ActiveCfg = Debug|Any CPU
		{A704A8EE-003D-4B88-8AEF-4B0AC9A3D237}.Debug|x64.Build.0 = Debug|Any CPU
		{A704A8EE-003D-4B88-8AEF-4B0AC9A3D237}.Debug|x86.ActiveCfg = Debug|Any CPU
		{A704A8EE-003D-4B88-8AEF-4B0AC9A3D237}.Debug|x86.Build.0 = Debug|Any CPU
		{A704A8EE-003D-4B88-8AEF-4B0AC9A3D237}.Release|Any CPU.ActiveCfg = Release|Any CPU
		{A704A8EE-003D-4B88-8AEF-4B0AC9A3D237}.Release|Any CPU.Build.0 = Release|Any CPU
		{A704A8EE-003D-4B88-8AEF-4B0AC9A3D237}.Release|ARM.ActiveCfg = Release|Any CPU
		{A704A8EE-003D-4B88-8AEF-4B0AC9A3D237}.Release|ARM.Build.0 = Release|Any CPU
		{A704A8EE-003D-4B88-8AEF-4B0AC9A3D237}.Release|x64.ActiveCfg = Release|Any CPU
		{A704A8EE-003D-4B88-8AEF-4B0AC9A3D237}.Release|x64.Build.0 = Release|Any CPU
		{A704A8EE-003D-4B88-8AEF-4B0AC9A3D237}.Release|x86.ActiveCfg = Release|Any CPU
		{A704A8EE-003D-4B88-8AEF-4B0AC9A3D237}.Release|x86.Build.0 = Release|Any CPU
		{F4426777-827F-4A2D-9637-0BD33159765A}.Debug|Any CPU.ActiveCfg = Debug|Any CPU
		{F4426777-827F-4A2D-9637-0BD33159765A}.Debug|ARM.ActiveCfg = Debug|Any CPU
		{F4426777-827F-4A2D-9637-0BD33159765A}.Debug|ARM.Build.0 = Debug|Any CPU
		{F4426777-827F-4A2D-9637-0BD33159765A}.Debug|x64.ActiveCfg = Debug|Any CPU
		{F4426777-827F-4A2D-9637-0BD33159765A}.Debug|x64.Build.0 = Debug|Any CPU
		{F4426777-827F-4A2D-9637-0BD33159765A}.Debug|x86.ActiveCfg = Debug|Any CPU
		{F4426777-827F-4A2D-9637-0BD33159765A}.Debug|x86.Build.0 = Debug|Any CPU
		{F4426777-827F-4A2D-9637-0BD33159765A}.Release|Any CPU.ActiveCfg = Release|Any CPU
		{F4426777-827F-4A2D-9637-0BD33159765A}.Release|Any CPU.Build.0 = Release|Any CPU
		{F4426777-827F-4A2D-9637-0BD33159765A}.Release|ARM.ActiveCfg = Release|Any CPU
		{F4426777-827F-4A2D-9637-0BD33159765A}.Release|ARM.Build.0 = Release|Any CPU
		{F4426777-827F-4A2D-9637-0BD33159765A}.Release|x64.ActiveCfg = Release|Any CPU
		{F4426777-827F-4A2D-9637-0BD33159765A}.Release|x64.Build.0 = Release|Any CPU
		{F4426777-827F-4A2D-9637-0BD33159765A}.Release|x86.ActiveCfg = Release|Any CPU
		{F4426777-827F-4A2D-9637-0BD33159765A}.Release|x86.Build.0 = Release|Any CPU
		{E83A9614-EFF2-439D-B51A-98836E12A266}.Debug|Any CPU.ActiveCfg = Debug|Any CPU
		{E83A9614-EFF2-439D-B51A-98836E12A266}.Debug|ARM.ActiveCfg = Debug|Any CPU
		{E83A9614-EFF2-439D-B51A-98836E12A266}.Debug|ARM.Build.0 = Debug|Any CPU
		{E83A9614-EFF2-439D-B51A-98836E12A266}.Debug|x64.ActiveCfg = Debug|Any CPU
		{E83A9614-EFF2-439D-B51A-98836E12A266}.Debug|x64.Build.0 = Debug|Any CPU
		{E83A9614-EFF2-439D-B51A-98836E12A266}.Debug|x86.ActiveCfg = Debug|Any CPU
		{E83A9614-EFF2-439D-B51A-98836E12A266}.Debug|x86.Build.0 = Debug|Any CPU
		{E83A9614-EFF2-439D-B51A-98836E12A266}.Release|Any CPU.ActiveCfg = Release|Any CPU
		{E83A9614-EFF2-439D-B51A-98836E12A266}.Release|Any CPU.Build.0 = Release|Any CPU
		{E83A9614-EFF2-439D-B51A-98836E12A266}.Release|ARM.ActiveCfg = Release|Any CPU
		{E83A9614-EFF2-439D-B51A-98836E12A266}.Release|ARM.Build.0 = Release|Any CPU
		{E83A9614-EFF2-439D-B51A-98836E12A266}.Release|x64.ActiveCfg = Release|Any CPU
		{E83A9614-EFF2-439D-B51A-98836E12A266}.Release|x64.Build.0 = Release|Any CPU
		{E83A9614-EFF2-439D-B51A-98836E12A266}.Release|x86.ActiveCfg = Release|Any CPU
		{E83A9614-EFF2-439D-B51A-98836E12A266}.Release|x86.Build.0 = Release|Any CPU
		{F5FBD7D7-A6DE-4EB6-8DC4-18E700EC6C7E}.Debug|Any CPU.ActiveCfg = Debug|Any CPU
		{F5FBD7D7-A6DE-4EB6-8DC4-18E700EC6C7E}.Debug|Any CPU.Build.0 = Debug|Any CPU
		{F5FBD7D7-A6DE-4EB6-8DC4-18E700EC6C7E}.Debug|ARM.ActiveCfg = Debug|Any CPU
		{F5FBD7D7-A6DE-4EB6-8DC4-18E700EC6C7E}.Debug|ARM.Build.0 = Debug|Any CPU
		{F5FBD7D7-A6DE-4EB6-8DC4-18E700EC6C7E}.Debug|x64.ActiveCfg = Debug|Any CPU
		{F5FBD7D7-A6DE-4EB6-8DC4-18E700EC6C7E}.Debug|x64.Build.0 = Debug|Any CPU
		{F5FBD7D7-A6DE-4EB6-8DC4-18E700EC6C7E}.Debug|x86.ActiveCfg = Debug|Any CPU
		{F5FBD7D7-A6DE-4EB6-8DC4-18E700EC6C7E}.Debug|x86.Build.0 = Debug|Any CPU
		{F5FBD7D7-A6DE-4EB6-8DC4-18E700EC6C7E}.Release|Any CPU.ActiveCfg = Release|Any CPU
		{F5FBD7D7-A6DE-4EB6-8DC4-18E700EC6C7E}.Release|Any CPU.Build.0 = Release|Any CPU
		{F5FBD7D7-A6DE-4EB6-8DC4-18E700EC6C7E}.Release|ARM.ActiveCfg = Release|Any CPU
		{F5FBD7D7-A6DE-4EB6-8DC4-18E700EC6C7E}.Release|ARM.Build.0 = Release|Any CPU
		{F5FBD7D7-A6DE-4EB6-8DC4-18E700EC6C7E}.Release|x64.ActiveCfg = Release|Any CPU
		{F5FBD7D7-A6DE-4EB6-8DC4-18E700EC6C7E}.Release|x64.Build.0 = Release|Any CPU
		{F5FBD7D7-A6DE-4EB6-8DC4-18E700EC6C7E}.Release|x86.ActiveCfg = Release|Any CPU
		{F5FBD7D7-A6DE-4EB6-8DC4-18E700EC6C7E}.Release|x86.Build.0 = Release|Any CPU
		{BF885225-D136-4CD4-8395-F96C53EBF7C6}.Debug|Any CPU.ActiveCfg = Debug|Any CPU
		{BF885225-D136-4CD4-8395-F96C53EBF7C6}.Debug|ARM.ActiveCfg = Debug|Any CPU
		{BF885225-D136-4CD4-8395-F96C53EBF7C6}.Debug|ARM.Build.0 = Debug|Any CPU
		{BF885225-D136-4CD4-8395-F96C53EBF7C6}.Debug|x64.ActiveCfg = Debug|Any CPU
		{BF885225-D136-4CD4-8395-F96C53EBF7C6}.Debug|x64.Build.0 = Debug|Any CPU
		{BF885225-D136-4CD4-8395-F96C53EBF7C6}.Debug|x86.ActiveCfg = Debug|Any CPU
		{BF885225-D136-4CD4-8395-F96C53EBF7C6}.Debug|x86.Build.0 = Debug|Any CPU
		{BF885225-D136-4CD4-8395-F96C53EBF7C6}.Release|Any CPU.ActiveCfg = Release|Any CPU
		{BF885225-D136-4CD4-8395-F96C53EBF7C6}.Release|Any CPU.Build.0 = Release|Any CPU
		{BF885225-D136-4CD4-8395-F96C53EBF7C6}.Release|ARM.ActiveCfg = Release|Any CPU
		{BF885225-D136-4CD4-8395-F96C53EBF7C6}.Release|ARM.Build.0 = Release|Any CPU
		{BF885225-D136-4CD4-8395-F96C53EBF7C6}.Release|x64.ActiveCfg = Release|Any CPU
		{BF885225-D136-4CD4-8395-F96C53EBF7C6}.Release|x64.Build.0 = Release|Any CPU
		{BF885225-D136-4CD4-8395-F96C53EBF7C6}.Release|x86.ActiveCfg = Release|Any CPU
		{BF885225-D136-4CD4-8395-F96C53EBF7C6}.Release|x86.Build.0 = Release|Any CPU
		{C0631B72-56F4-434A-8696-9409A3FA11C1}.Debug|Any CPU.ActiveCfg = Debug|Any CPU
		{C0631B72-56F4-434A-8696-9409A3FA11C1}.Debug|ARM.ActiveCfg = Debug|Any CPU
		{C0631B72-56F4-434A-8696-9409A3FA11C1}.Debug|ARM.Build.0 = Debug|Any CPU
		{C0631B72-56F4-434A-8696-9409A3FA11C1}.Debug|x64.ActiveCfg = Debug|Any CPU
		{C0631B72-56F4-434A-8696-9409A3FA11C1}.Debug|x64.Build.0 = Debug|Any CPU
		{C0631B72-56F4-434A-8696-9409A3FA11C1}.Debug|x86.ActiveCfg = Debug|Any CPU
		{C0631B72-56F4-434A-8696-9409A3FA11C1}.Debug|x86.Build.0 = Debug|Any CPU
		{C0631B72-56F4-434A-8696-9409A3FA11C1}.Release|Any CPU.ActiveCfg = Release|Any CPU
		{C0631B72-56F4-434A-8696-9409A3FA11C1}.Release|Any CPU.Build.0 = Release|Any CPU
		{C0631B72-56F4-434A-8696-9409A3FA11C1}.Release|ARM.ActiveCfg = Release|Any CPU
		{C0631B72-56F4-434A-8696-9409A3FA11C1}.Release|ARM.Build.0 = Release|Any CPU
		{C0631B72-56F4-434A-8696-9409A3FA11C1}.Release|x64.ActiveCfg = Release|Any CPU
		{C0631B72-56F4-434A-8696-9409A3FA11C1}.Release|x64.Build.0 = Release|Any CPU
		{C0631B72-56F4-434A-8696-9409A3FA11C1}.Release|x86.ActiveCfg = Release|Any CPU
		{C0631B72-56F4-434A-8696-9409A3FA11C1}.Release|x86.Build.0 = Release|Any CPU
		{B96F1EA4-DACA-4566-A664-592CB46F3FFE}.Debug|Any CPU.ActiveCfg = Debug|Any CPU
		{B96F1EA4-DACA-4566-A664-592CB46F3FFE}.Debug|ARM.ActiveCfg = Debug|Any CPU
		{B96F1EA4-DACA-4566-A664-592CB46F3FFE}.Debug|ARM.Build.0 = Debug|Any CPU
		{B96F1EA4-DACA-4566-A664-592CB46F3FFE}.Debug|x64.ActiveCfg = Debug|Any CPU
		{B96F1EA4-DACA-4566-A664-592CB46F3FFE}.Debug|x64.Build.0 = Debug|Any CPU
		{B96F1EA4-DACA-4566-A664-592CB46F3FFE}.Debug|x86.ActiveCfg = Debug|Any CPU
		{B96F1EA4-DACA-4566-A664-592CB46F3FFE}.Debug|x86.Build.0 = Debug|Any CPU
		{B96F1EA4-DACA-4566-A664-592CB46F3FFE}.Release|Any CPU.ActiveCfg = Release|Any CPU
		{B96F1EA4-DACA-4566-A664-592CB46F3FFE}.Release|Any CPU.Build.0 = Release|Any CPU
		{B96F1EA4-DACA-4566-A664-592CB46F3FFE}.Release|ARM.ActiveCfg = Release|Any CPU
		{B96F1EA4-DACA-4566-A664-592CB46F3FFE}.Release|ARM.Build.0 = Release|Any CPU
		{B96F1EA4-DACA-4566-A664-592CB46F3FFE}.Release|x64.ActiveCfg = Release|Any CPU
		{B96F1EA4-DACA-4566-A664-592CB46F3FFE}.Release|x64.Build.0 = Release|Any CPU
		{B96F1EA4-DACA-4566-A664-592CB46F3FFE}.Release|x86.ActiveCfg = Release|Any CPU
		{B96F1EA4-DACA-4566-A664-592CB46F3FFE}.Release|x86.Build.0 = Release|Any CPU
		{9B0D9B45-93E0-4E17-89E4-321D3D46B8B3}.Debug|Any CPU.ActiveCfg = Debug|Any CPU
		{9B0D9B45-93E0-4E17-89E4-321D3D46B8B3}.Debug|ARM.ActiveCfg = Debug|Any CPU
		{9B0D9B45-93E0-4E17-89E4-321D3D46B8B3}.Debug|ARM.Build.0 = Debug|Any CPU
		{9B0D9B45-93E0-4E17-89E4-321D3D46B8B3}.Debug|x64.ActiveCfg = Debug|Any CPU
		{9B0D9B45-93E0-4E17-89E4-321D3D46B8B3}.Debug|x64.Build.0 = Debug|Any CPU
		{9B0D9B45-93E0-4E17-89E4-321D3D46B8B3}.Debug|x86.ActiveCfg = Debug|Any CPU
		{9B0D9B45-93E0-4E17-89E4-321D3D46B8B3}.Debug|x86.Build.0 = Debug|Any CPU
		{9B0D9B45-93E0-4E17-89E4-321D3D46B8B3}.Release|Any CPU.ActiveCfg = Release|Any CPU
		{9B0D9B45-93E0-4E17-89E4-321D3D46B8B3}.Release|Any CPU.Build.0 = Release|Any CPU
		{9B0D9B45-93E0-4E17-89E4-321D3D46B8B3}.Release|ARM.ActiveCfg = Release|Any CPU
		{9B0D9B45-93E0-4E17-89E4-321D3D46B8B3}.Release|ARM.Build.0 = Release|Any CPU
		{9B0D9B45-93E0-4E17-89E4-321D3D46B8B3}.Release|x64.ActiveCfg = Release|Any CPU
		{9B0D9B45-93E0-4E17-89E4-321D3D46B8B3}.Release|x64.Build.0 = Release|Any CPU
		{9B0D9B45-93E0-4E17-89E4-321D3D46B8B3}.Release|x86.ActiveCfg = Release|Any CPU
		{9B0D9B45-93E0-4E17-89E4-321D3D46B8B3}.Release|x86.Build.0 = Release|Any CPU
		{F37B849C-9B94-4274-8FF1-D93DC488F47C}.Debug|Any CPU.ActiveCfg = Debug|Any CPU
		{F37B849C-9B94-4274-8FF1-D93DC488F47C}.Debug|ARM.ActiveCfg = Debug|Any CPU
		{F37B849C-9B94-4274-8FF1-D93DC488F47C}.Debug|ARM.Build.0 = Debug|Any CPU
		{F37B849C-9B94-4274-8FF1-D93DC488F47C}.Debug|x64.ActiveCfg = Debug|Any CPU
		{F37B849C-9B94-4274-8FF1-D93DC488F47C}.Debug|x64.Build.0 = Debug|Any CPU
		{F37B849C-9B94-4274-8FF1-D93DC488F47C}.Debug|x86.ActiveCfg = Debug|Any CPU
		{F37B849C-9B94-4274-8FF1-D93DC488F47C}.Debug|x86.Build.0 = Debug|Any CPU
		{F37B849C-9B94-4274-8FF1-D93DC488F47C}.Release|Any CPU.ActiveCfg = Release|Any CPU
		{F37B849C-9B94-4274-8FF1-D93DC488F47C}.Release|Any CPU.Build.0 = Release|Any CPU
		{F37B849C-9B94-4274-8FF1-D93DC488F47C}.Release|ARM.ActiveCfg = Release|Any CPU
		{F37B849C-9B94-4274-8FF1-D93DC488F47C}.Release|ARM.Build.0 = Release|Any CPU
		{F37B849C-9B94-4274-8FF1-D93DC488F47C}.Release|x64.ActiveCfg = Release|Any CPU
		{F37B849C-9B94-4274-8FF1-D93DC488F47C}.Release|x64.Build.0 = Release|Any CPU
		{F37B849C-9B94-4274-8FF1-D93DC488F47C}.Release|x86.ActiveCfg = Release|Any CPU
		{F37B849C-9B94-4274-8FF1-D93DC488F47C}.Release|x86.Build.0 = Release|Any CPU
		{A81F80B4-A4E5-457D-9AC8-9EFAA0E76669}.Debug|Any CPU.ActiveCfg = Debug|Any CPU
		{A81F80B4-A4E5-457D-9AC8-9EFAA0E76669}.Debug|Any CPU.Build.0 = Debug|Any CPU
		{A81F80B4-A4E5-457D-9AC8-9EFAA0E76669}.Debug|ARM.ActiveCfg = Debug|Any CPU
		{A81F80B4-A4E5-457D-9AC8-9EFAA0E76669}.Debug|ARM.Build.0 = Debug|Any CPU
		{A81F80B4-A4E5-457D-9AC8-9EFAA0E76669}.Debug|x64.ActiveCfg = Debug|Any CPU
		{A81F80B4-A4E5-457D-9AC8-9EFAA0E76669}.Debug|x64.Build.0 = Debug|Any CPU
		{A81F80B4-A4E5-457D-9AC8-9EFAA0E76669}.Debug|x86.ActiveCfg = Debug|Any CPU
		{A81F80B4-A4E5-457D-9AC8-9EFAA0E76669}.Debug|x86.Build.0 = Debug|Any CPU
		{A81F80B4-A4E5-457D-9AC8-9EFAA0E76669}.Release|Any CPU.ActiveCfg = Release|Any CPU
		{A81F80B4-A4E5-457D-9AC8-9EFAA0E76669}.Release|Any CPU.Build.0 = Release|Any CPU
		{A81F80B4-A4E5-457D-9AC8-9EFAA0E76669}.Release|ARM.ActiveCfg = Release|Any CPU
		{A81F80B4-A4E5-457D-9AC8-9EFAA0E76669}.Release|ARM.Build.0 = Release|Any CPU
		{A81F80B4-A4E5-457D-9AC8-9EFAA0E76669}.Release|x64.ActiveCfg = Release|Any CPU
		{A81F80B4-A4E5-457D-9AC8-9EFAA0E76669}.Release|x64.Build.0 = Release|Any CPU
		{A81F80B4-A4E5-457D-9AC8-9EFAA0E76669}.Release|x86.ActiveCfg = Release|Any CPU
		{A81F80B4-A4E5-457D-9AC8-9EFAA0E76669}.Release|x86.Build.0 = Release|Any CPU
		{8A9BC276-5ECF-4558-B3C2-7271E9610CDF}.Debug|Any CPU.ActiveCfg = Debug|x86
		{8A9BC276-5ECF-4558-B3C2-7271E9610CDF}.Debug|ARM.ActiveCfg = Debug|ARM
		{8A9BC276-5ECF-4558-B3C2-7271E9610CDF}.Debug|ARM.Build.0 = Debug|ARM
		{8A9BC276-5ECF-4558-B3C2-7271E9610CDF}.Debug|ARM.Deploy.0 = Debug|ARM
		{8A9BC276-5ECF-4558-B3C2-7271E9610CDF}.Debug|x64.ActiveCfg = Debug|x64
		{8A9BC276-5ECF-4558-B3C2-7271E9610CDF}.Debug|x64.Build.0 = Debug|x64
		{8A9BC276-5ECF-4558-B3C2-7271E9610CDF}.Debug|x64.Deploy.0 = Debug|x64
		{8A9BC276-5ECF-4558-B3C2-7271E9610CDF}.Debug|x86.ActiveCfg = Debug|x86
		{8A9BC276-5ECF-4558-B3C2-7271E9610CDF}.Debug|x86.Build.0 = Debug|x86
		{8A9BC276-5ECF-4558-B3C2-7271E9610CDF}.Debug|x86.Deploy.0 = Debug|x86
		{8A9BC276-5ECF-4558-B3C2-7271E9610CDF}.Release|Any CPU.ActiveCfg = Release|x86
		{8A9BC276-5ECF-4558-B3C2-7271E9610CDF}.Release|ARM.ActiveCfg = Release|ARM
		{8A9BC276-5ECF-4558-B3C2-7271E9610CDF}.Release|ARM.Build.0 = Release|ARM
		{8A9BC276-5ECF-4558-B3C2-7271E9610CDF}.Release|ARM.Deploy.0 = Release|ARM
		{8A9BC276-5ECF-4558-B3C2-7271E9610CDF}.Release|x64.ActiveCfg = Release|x64
		{8A9BC276-5ECF-4558-B3C2-7271E9610CDF}.Release|x64.Build.0 = Release|x64
		{8A9BC276-5ECF-4558-B3C2-7271E9610CDF}.Release|x64.Deploy.0 = Release|x64
		{8A9BC276-5ECF-4558-B3C2-7271E9610CDF}.Release|x86.ActiveCfg = Release|x86
		{8A9BC276-5ECF-4558-B3C2-7271E9610CDF}.Release|x86.Build.0 = Release|x86
		{8A9BC276-5ECF-4558-B3C2-7271E9610CDF}.Release|x86.Deploy.0 = Release|x86
		{813A67C7-5E07-4F02-A4EF-D1C30A6614EA}.Debug|Any CPU.ActiveCfg = Debug|Any CPU
		{813A67C7-5E07-4F02-A4EF-D1C30A6614EA}.Debug|Any CPU.Build.0 = Debug|Any CPU
		{813A67C7-5E07-4F02-A4EF-D1C30A6614EA}.Debug|ARM.ActiveCfg = Debug|Any CPU
		{813A67C7-5E07-4F02-A4EF-D1C30A6614EA}.Debug|ARM.Build.0 = Debug|Any CPU
		{813A67C7-5E07-4F02-A4EF-D1C30A6614EA}.Debug|x64.ActiveCfg = Debug|x64
		{813A67C7-5E07-4F02-A4EF-D1C30A6614EA}.Debug|x64.Build.0 = Debug|x64
		{813A67C7-5E07-4F02-A4EF-D1C30A6614EA}.Debug|x86.ActiveCfg = Debug|x86
		{813A67C7-5E07-4F02-A4EF-D1C30A6614EA}.Debug|x86.Build.0 = Debug|x86
		{813A67C7-5E07-4F02-A4EF-D1C30A6614EA}.Release|Any CPU.ActiveCfg = Release|Any CPU
		{813A67C7-5E07-4F02-A4EF-D1C30A6614EA}.Release|Any CPU.Build.0 = Release|Any CPU
		{813A67C7-5E07-4F02-A4EF-D1C30A6614EA}.Release|ARM.ActiveCfg = Release|Any CPU
		{813A67C7-5E07-4F02-A4EF-D1C30A6614EA}.Release|ARM.Build.0 = Release|Any CPU
		{813A67C7-5E07-4F02-A4EF-D1C30A6614EA}.Release|x64.ActiveCfg = Release|x64
		{813A67C7-5E07-4F02-A4EF-D1C30A6614EA}.Release|x64.Build.0 = Release|x64
		{813A67C7-5E07-4F02-A4EF-D1C30A6614EA}.Release|x86.ActiveCfg = Release|x86
		{813A67C7-5E07-4F02-A4EF-D1C30A6614EA}.Release|x86.Build.0 = Release|x86
		{AD814564-C138-41E7-A5ED-CB7E7DA7C81D}.Debug|Any CPU.ActiveCfg = Debug|Any CPU
		{AD814564-C138-41E7-A5ED-CB7E7DA7C81D}.Debug|Any CPU.Build.0 = Debug|Any CPU
		{AD814564-C138-41E7-A5ED-CB7E7DA7C81D}.Debug|ARM.ActiveCfg = Debug|Any CPU
		{AD814564-C138-41E7-A5ED-CB7E7DA7C81D}.Debug|ARM.Build.0 = Debug|Any CPU
		{AD814564-C138-41E7-A5ED-CB7E7DA7C81D}.Debug|x64.ActiveCfg = Debug|Any CPU
		{AD814564-C138-41E7-A5ED-CB7E7DA7C81D}.Debug|x64.Build.0 = Debug|Any CPU
		{AD814564-C138-41E7-A5ED-CB7E7DA7C81D}.Debug|x86.ActiveCfg = Debug|Any CPU
		{AD814564-C138-41E7-A5ED-CB7E7DA7C81D}.Debug|x86.Build.0 = Debug|Any CPU
		{AD814564-C138-41E7-A5ED-CB7E7DA7C81D}.Release|Any CPU.ActiveCfg = Release|Any CPU
		{AD814564-C138-41E7-A5ED-CB7E7DA7C81D}.Release|Any CPU.Build.0 = Release|Any CPU
		{AD814564-C138-41E7-A5ED-CB7E7DA7C81D}.Release|ARM.ActiveCfg = Release|Any CPU
		{AD814564-C138-41E7-A5ED-CB7E7DA7C81D}.Release|ARM.Build.0 = Release|Any CPU
		{AD814564-C138-41E7-A5ED-CB7E7DA7C81D}.Release|x64.ActiveCfg = Release|Any CPU
		{AD814564-C138-41E7-A5ED-CB7E7DA7C81D}.Release|x64.Build.0 = Release|Any CPU
		{AD814564-C138-41E7-A5ED-CB7E7DA7C81D}.Release|x86.ActiveCfg = Release|Any CPU
		{AD814564-C138-41E7-A5ED-CB7E7DA7C81D}.Release|x86.Build.0 = Release|Any CPU
		{3E0A727A-54B3-43B2-B80B-CFB382210CAB}.Debug|Any CPU.ActiveCfg = Debug|Any CPU
		{3E0A727A-54B3-43B2-B80B-CFB382210CAB}.Debug|Any CPU.Build.0 = Debug|Any CPU
		{3E0A727A-54B3-43B2-B80B-CFB382210CAB}.Debug|ARM.ActiveCfg = Debug|Any CPU
		{3E0A727A-54B3-43B2-B80B-CFB382210CAB}.Debug|ARM.Build.0 = Debug|Any CPU
		{3E0A727A-54B3-43B2-B80B-CFB382210CAB}.Debug|x64.ActiveCfg = Debug|Any CPU
		{3E0A727A-54B3-43B2-B80B-CFB382210CAB}.Debug|x64.Build.0 = Debug|Any CPU
		{3E0A727A-54B3-43B2-B80B-CFB382210CAB}.Debug|x86.ActiveCfg = Debug|Any CPU
		{3E0A727A-54B3-43B2-B80B-CFB382210CAB}.Debug|x86.Build.0 = Debug|Any CPU
		{3E0A727A-54B3-43B2-B80B-CFB382210CAB}.Release|Any CPU.ActiveCfg = Release|Any CPU
		{3E0A727A-54B3-43B2-B80B-CFB382210CAB}.Release|Any CPU.Build.0 = Release|Any CPU
		{3E0A727A-54B3-43B2-B80B-CFB382210CAB}.Release|ARM.ActiveCfg = Release|Any CPU
		{3E0A727A-54B3-43B2-B80B-CFB382210CAB}.Release|ARM.Build.0 = Release|Any CPU
		{3E0A727A-54B3-43B2-B80B-CFB382210CAB}.Release|x64.ActiveCfg = Release|Any CPU
		{3E0A727A-54B3-43B2-B80B-CFB382210CAB}.Release|x64.Build.0 = Release|Any CPU
		{3E0A727A-54B3-43B2-B80B-CFB382210CAB}.Release|x86.ActiveCfg = Release|Any CPU
		{3E0A727A-54B3-43B2-B80B-CFB382210CAB}.Release|x86.Build.0 = Release|Any CPU
		{0CE715C5-192F-45BD-B154-669E53A9E65F}.Debug|Any CPU.ActiveCfg = Debug|Any CPU
		{0CE715C5-192F-45BD-B154-669E53A9E65F}.Debug|Any CPU.Build.0 = Debug|Any CPU
		{0CE715C5-192F-45BD-B154-669E53A9E65F}.Debug|ARM.ActiveCfg = Debug|ARM
		{0CE715C5-192F-45BD-B154-669E53A9E65F}.Debug|ARM.Build.0 = Debug|ARM
		{0CE715C5-192F-45BD-B154-669E53A9E65F}.Debug|x64.ActiveCfg = Debug|x64
		{0CE715C5-192F-45BD-B154-669E53A9E65F}.Debug|x64.Build.0 = Debug|x64
		{0CE715C5-192F-45BD-B154-669E53A9E65F}.Debug|x86.ActiveCfg = Debug|x86
		{0CE715C5-192F-45BD-B154-669E53A9E65F}.Debug|x86.Build.0 = Debug|x86
		{0CE715C5-192F-45BD-B154-669E53A9E65F}.Release|Any CPU.ActiveCfg = Release|Any CPU
		{0CE715C5-192F-45BD-B154-669E53A9E65F}.Release|Any CPU.Build.0 = Release|Any CPU
		{0CE715C5-192F-45BD-B154-669E53A9E65F}.Release|ARM.ActiveCfg = Release|ARM
		{0CE715C5-192F-45BD-B154-669E53A9E65F}.Release|ARM.Build.0 = Release|ARM
		{0CE715C5-192F-45BD-B154-669E53A9E65F}.Release|x64.ActiveCfg = Release|x64
		{0CE715C5-192F-45BD-B154-669E53A9E65F}.Release|x64.Build.0 = Release|x64
		{0CE715C5-192F-45BD-B154-669E53A9E65F}.Release|x86.ActiveCfg = Release|x86
		{0CE715C5-192F-45BD-B154-669E53A9E65F}.Release|x86.Build.0 = Release|x86
	EndGlobalSection
	GlobalSection(SolutionProperties) = preSolution
		HideSolutionNode = FALSE
	EndGlobalSection
	GlobalSection(NestedProjects) = preSolution
		{E35D9D73-9B5C-4449-9137-61500828A24B} = {6DE79AC0-AAB0-443D-992A-2FD38148123B}
		{A704A8EE-003D-4B88-8AEF-4B0AC9A3D237} = {6DE79AC0-AAB0-443D-992A-2FD38148123B}
		{F4426777-827F-4A2D-9637-0BD33159765A} = {6DE79AC0-AAB0-443D-992A-2FD38148123B}
		{E83A9614-EFF2-439D-B51A-98836E12A266} = {6DE79AC0-AAB0-443D-992A-2FD38148123B}
		{F5FBD7D7-A6DE-4EB6-8DC4-18E700EC6C7E} = {6DE79AC0-AAB0-443D-992A-2FD38148123B}
		{BF885225-D136-4CD4-8395-F96C53EBF7C6} = {6DE79AC0-AAB0-443D-992A-2FD38148123B}
		{C0631B72-56F4-434A-8696-9409A3FA11C1} = {6DE79AC0-AAB0-443D-992A-2FD38148123B}
		{B96F1EA4-DACA-4566-A664-592CB46F3FFE} = {6DE79AC0-AAB0-443D-992A-2FD38148123B}
		{9B0D9B45-93E0-4E17-89E4-321D3D46B8B3} = {6DE79AC0-AAB0-443D-992A-2FD38148123B}
		{F37B849C-9B94-4274-8FF1-D93DC488F47C} = {6DE79AC0-AAB0-443D-992A-2FD38148123B}
		{8A9BC276-5ECF-4558-B3C2-7271E9610CDF} = {6DE79AC0-AAB0-443D-992A-2FD38148123B}
		{813A67C7-5E07-4F02-A4EF-D1C30A6614EA} = {6DE79AC0-AAB0-443D-992A-2FD38148123B}
		{AD814564-C138-41E7-A5ED-CB7E7DA7C81D} = {6DE79AC0-AAB0-443D-992A-2FD38148123B}
		{3E0A727A-54B3-43B2-B80B-CFB382210CAB} = {6DE79AC0-AAB0-443D-992A-2FD38148123B}
	EndGlobalSection
	GlobalSection(ExtensibilityGlobals) = postSolution
		SolutionGuid = {BBCFA5B7-561E-415C-867E-FBC8CC948A42}
	EndGlobalSection
EndGlobal
