
Microsoft Visual Studio Solution File, Format Version 12.00
# Visual Studio 2012
Project("{FAE04EC0-301F-11D3-BF4B-00C04F79EFBC}") = "Simulator", "Simulator.csproj", "{F37B849C-9B94-4274-8FF1-D93DC488F47C}"
EndProject
Global
	GlobalSection(SolutionConfigurationPlatforms) = preSolution
		Debug|Any CPU = Debug|Any CPU
		Release|Any CPU = Release|Any CPU
	EndGlobalSection
	GlobalSection(ProjectConfigurationPlatforms) = postSolution
		{F37B849C-9B94-4274-8FF1-D93DC488F47C}.Debug|Any CPU.ActiveCfg = Debug|Any CPU
		{F37B849C-9B94-4274-8FF1-D93DC488F47C}.Debug|Any CPU.Build.0 = Debug|Any CPU
		{F37B849C-9B94-4274-8FF1-D93DC488F47C}.Release|Any CPU.ActiveCfg = Release|Any CPU
		{F37B849C-9B94-4274-8FF1-D93DC488F47C}.Release|Any CPU.Build.0 = Release|Any CPU
	EndGlobalSection
	GlobalSection(SolutionProperties) = preSolution
		HideSolutionNode = FALSE
	EndGlobalSection
EndGlobal
